
Microsoft Visual Studio Solution File, Format Version 12.00
# Visual Studio 14
VisualStudioVersion = 14.0.25123.0
MinimumVisualStudioVersion = 10.0.40219.1
Project("{FAE04EC0-301F-11D3-BF4B-00C04F79EFBC}") = "MyVIPNetApplication", "MyVIPNetApplication\MyVIPNetApplication.csproj", "{092F10F8-7090-4A6F-BB12-00F15181CFB9}"
EndProject
Project("{2150E333-8FDC-42A3-9474-1A3956D46DE8}") = "IOCUnity", "IOCUnity", "{20206378-7BBA-46AD-A2E9-CFA982976BD1}"
EndProject
Project("{FAE04EC0-301F-11D3-BF4B-00C04F79EFBC}") = "IOCUnity", "IOCUnity\IOCUnity.csproj", "{58EA7703-2A5C-4650-A109-666F0BD42F45}"
EndProject
Project("{FAE04EC0-301F-11D3-BF4B-00C04F79EFBC}") = "Mxm.Interface", "Mxm.Interface\Mxm.Interface.csproj", "{27F68A6F-D923-4ED8-B9BE-88C228D81CCF}"
EndProject
Project("{FAE04EC0-301F-11D3-BF4B-00C04F79EFBC}") = "Mxm.Service", "Mxm.Service\Mxm.Service.csproj", "{05640BE9-3D0D-4662-BCDD-A335F8AF5251}"
EndProject
Project("{FAE04EC0-301F-11D3-BF4B-00C04F79EFBC}") = "Mxm.ServiceExtend", "Mxm.ServiceExtend\Mxm.ServiceExtend.csproj", "{23B04F8C-F3CF-4C8D-9F85-3DCE9295777E}"
EndProject
Project("{FAE04EC0-301F-11D3-BF4B-00C04F79EFBC}") = "Mxm.Extension.Service", "Mxm.Extension.Service\Mxm.Extension.Service.csproj", "{BE921F2F-1939-4177-9F48-6473B23CF3C9}"
EndProject
Project("{FAE04EC0-301F-11D3-BF4B-00C04F79EFBC}") = "Mxm.Extension.Main", "Mxm.Extension.Main\Mxm.Extension.Main.csproj", "{3E3C2CD7-1410-4553-996D-86A6F2579FEB}"
EndProject
Project("{2150E333-8FDC-42A3-9474-1A3956D46DE8}") = "Service", "Service", "{B89B4207-99B9-4DF0-8582-618EBD0BB5A8}"
EndProject
Project("{FAE04EC0-301F-11D3-BF4B-00C04F79EFBC}") = "UnitTestProject1", "UnitTestProject1\UnitTestProject1.csproj", "{DEEF7BFD-6377-4833-BB94-016BFCC08536}"
EndProject
Global
	GlobalSection(SolutionConfigurationPlatforms) = preSolution
		Debug|Any CPU = Debug|Any CPU
		Release|Any CPU = Release|Any CPU
	EndGlobalSection
	GlobalSection(ProjectConfigurationPlatforms) = postSolution
		{092F10F8-7090-4A6F-BB12-00F15181CFB9}.Debug|Any CPU.ActiveCfg = Debug|Any CPU
		{092F10F8-7090-4A6F-BB12-00F15181CFB9}.Debug|Any CPU.Build.0 = Debug|Any CPU
		{092F10F8-7090-4A6F-BB12-00F15181CFB9}.Release|Any CPU.ActiveCfg = Release|Any CPU
		{092F10F8-7090-4A6F-BB12-00F15181CFB9}.Release|Any CPU.Build.0 = Release|Any CPU
		{58EA7703-2A5C-4650-A109-666F0BD42F45}.Debug|Any CPU.ActiveCfg = Debug|Any CPU
		{58EA7703-2A5C-4650-A109-666F0BD42F45}.Debug|Any CPU.Build.0 = Debug|Any CPU
		{58EA7703-2A5C-4650-A109-666F0BD42F45}.Release|Any CPU.ActiveCfg = Release|Any CPU
		{58EA7703-2A5C-4650-A109-666F0BD42F45}.Release|Any CPU.Build.0 = Release|Any CPU
		{27F68A6F-D923-4ED8-B9BE-88C228D81CCF}.Debug|Any CPU.ActiveCfg = Debug|Any CPU
		{27F68A6F-D923-4ED8-B9BE-88C228D81CCF}.Debug|Any CPU.Build.0 = Debug|Any CPU
		{27F68A6F-D923-4ED8-B9BE-88C228D81CCF}.Release|Any CPU.ActiveCfg = Release|Any CPU
		{27F68A6F-D923-4ED8-B9BE-88C228D81CCF}.Release|Any CPU.Build.0 = Release|Any CPU
		{05640BE9-3D0D-4662-BCDD-A335F8AF5251}.Debug|Any CPU.ActiveCfg = Debug|Any CPU
		{05640BE9-3D0D-4662-BCDD-A335F8AF5251}.Debug|Any CPU.Build.0 = Debug|Any CPU
		{05640BE9-3D0D-4662-BCDD-A335F8AF5251}.Release|Any CPU.ActiveCfg = Release|Any CPU
		{05640BE9-3D0D-4662-BCDD-A335F8AF5251}.Release|Any CPU.Build.0 = Release|Any CPU
		{23B04F8C-F3CF-4C8D-9F85-3DCE9295777E}.Debug|Any CPU.ActiveCfg = Debug|Any CPU
		{23B04F8C-F3CF-4C8D-9F85-3DCE9295777E}.Debug|Any CPU.Build.0 = Debug|Any CPU
		{23B04F8C-F3CF-4C8D-9F85-3DCE9295777E}.Release|Any CPU.ActiveCfg = Release|Any CPU
		{23B04F8C-F3CF-4C8D-9F85-3DCE9295777E}.Release|Any CPU.Build.0 = Release|Any CPU
		{BE921F2F-1939-4177-9F48-6473B23CF3C9}.Debug|Any CPU.ActiveCfg = Debug|Any CPU
		{BE921F2F-1939-4177-9F48-6473B23CF3C9}.Debug|Any CPU.Build.0 = Debug|Any CPU
		{BE921F2F-1939-4177-9F48-6473B23CF3C9}.Release|Any CPU.ActiveCfg = Release|Any CPU
		{BE921F2F-1939-4177-9F48-6473B23CF3C9}.Release|Any CPU.Build.0 = Release|Any CPU
		{3E3C2CD7-1410-4553-996D-86A6F2579FEB}.Debug|Any CPU.ActiveCfg = Debug|Any CPU
		{3E3C2CD7-1410-4553-996D-86A6F2579FEB}.Debug|Any CPU.Build.0 = Debug|Any CPU
		{3E3C2CD7-1410-4553-996D-86A6F2579FEB}.Release|Any CPU.ActiveCfg = Release|Any CPU
		{3E3C2CD7-1410-4553-996D-86A6F2579FEB}.Release|Any CPU.Build.0 = Release|Any CPU
		{DEEF7BFD-6377-4833-BB94-016BFCC08536}.Debug|Any CPU.ActiveCfg = Debug|Any CPU
		{DEEF7BFD-6377-4833-BB94-016BFCC08536}.Debug|Any CPU.Build.0 = Debug|Any CPU
		{DEEF7BFD-6377-4833-BB94-016BFCC08536}.Release|Any CPU.ActiveCfg = Release|Any CPU
		{DEEF7BFD-6377-4833-BB94-016BFCC08536}.Release|Any CPU.Build.0 = Release|Any CPU
	EndGlobalSection
	GlobalSection(SolutionProperties) = preSolution
		HideSolutionNode = FALSE
	EndGlobalSection
	GlobalSection(NestedProjects) = preSolution
		{58EA7703-2A5C-4650-A109-666F0BD42F45} = {20206378-7BBA-46AD-A2E9-CFA982976BD1}
		{27F68A6F-D923-4ED8-B9BE-88C228D81CCF} = {20206378-7BBA-46AD-A2E9-CFA982976BD1}
		{05640BE9-3D0D-4662-BCDD-A335F8AF5251} = {20206378-7BBA-46AD-A2E9-CFA982976BD1}
		{23B04F8C-F3CF-4C8D-9F85-3DCE9295777E} = {20206378-7BBA-46AD-A2E9-CFA982976BD1}
		{BE921F2F-1939-4177-9F48-6473B23CF3C9} = {B89B4207-99B9-4DF0-8582-618EBD0BB5A8}
		{3E3C2CD7-1410-4553-996D-86A6F2579FEB} = {B89B4207-99B9-4DF0-8582-618EBD0BB5A8}
	EndGlobalSection
EndGlobal
